
Microsoft Visual Studio Solution File, Format Version 12.00
# Visual Studio Version 17
VisualStudioVersion = 17.3.32819.101
MinimumVisualStudioVersion = 10.0.40219.1
Project("{FAE04EC0-301F-11D3-BF4B-00C04F79EFBC}") = "InAndOut", "InAndOut.csproj", "{71EE551C-7B2E-4524-A7A6-998B09C73580}"
EndProject
Global
	GlobalSection(SolutionConfigurationPlatforms) = preSolution
		Debug|Any CPU = Debug|Any CPU
		Release|Any CPU = Release|Any CPU
	EndGlobalSection
	GlobalSection(ProjectConfigurationPlatforms) = postSolution
		{71EE551C-7B2E-4524-A7A6-998B09C73580}.Debug|Any CPU.ActiveCfg = Debug|Any CPU
		{71EE551C-7B2E-4524-A7A6-998B09C73580}.Debug|Any CPU.Build.0 = Debug|Any CPU
		{71EE551C-7B2E-4524-A7A6-998B09C73580}.Release|Any CPU.ActiveCfg = Release|Any CPU
		{71EE551C-7B2E-4524-A7A6-998B09C73580}.Release|Any CPU.Build.0 = Release|Any CPU
	EndGlobalSection
	GlobalSection(SolutionProperties) = preSolution
		HideSolutionNode = FALSE
	EndGlobalSection
	GlobalSection(ExtensibilityGlobals) = postSolution
		SolutionGuid = {3EA2F3F1-6922-4CD9-8AA4-B531816D1860}
	EndGlobalSection
EndGlobal
